
Microsoft Visual Studio Solution File, Format Version 12.00
# Visual Studio 15
VisualStudioVersion = 15.0.26730.15
MinimumVisualStudioVersion = 10.0.40219.1
Project("{FAE04EC0-301F-11D3-BF4B-00C04F79EFBC}") = "ExcelToHTML", "ExcelToHTML\ExcelToHTML.csproj", "{06A818FA-7F55-4772-BBE2-3BB68461C850}"
EndProject
Global
	GlobalSection(SolutionConfigurationPlatforms) = preSolution
		Debug|Any CPU = Debug|Any CPU
		Release|Any CPU = Release|Any CPU
	EndGlobalSection
	GlobalSection(ProjectConfigurationPlatforms) = postSolution
		{06A818FA-7F55-4772-BBE2-3BB68461C850}.Debug|Any CPU.ActiveCfg = Debug|Any CPU
		{06A818FA-7F55-4772-BBE2-3BB68461C850}.Debug|Any CPU.Build.0 = Debug|Any CPU
		{06A818FA-7F55-4772-BBE2-3BB68461C850}.Release|Any CPU.ActiveCfg = Release|Any CPU
		{06A818FA-7F55-4772-BBE2-3BB68461C850}.Release|Any CPU.Build.0 = Release|Any CPU
	EndGlobalSection
	GlobalSection(SolutionProperties) = preSolution
		HideSolutionNode = FALSE
	EndGlobalSection
	GlobalSection(ExtensibilityGlobals) = postSolution
		SolutionGuid = {AB71AF11-F561-4E3A-A6D0-CED5B3DCF4C8}
	EndGlobalSection
EndGlobal
