
Microsoft Visual Studio Solution File, Format Version 12.00
# Visual Studio 14
VisualStudioVersion = 14.0.25420.1
MinimumVisualStudioVersion = 10.0.40219.1
Project("{FAE04EC0-301F-11D3-BF4B-00C04F79EFBC}") = "RoboticsTool", "RoboticsTool\RoboticsTool.csproj", "{209667EC-B8C2-497C-9F41-D70862196EAF}"
EndProject
Project("{FAE04EC0-301F-11D3-BF4B-00C04F79EFBC}") = "RoboticsToolData", "RoboticsToolData\RoboticsToolData.csproj", "{21361D7D-36BD-4CBF-98C8-23C5F74F5FA8}"
EndProject
Global
	GlobalSection(SolutionConfigurationPlatforms) = preSolution
		Debug|Any CPU = Debug|Any CPU
		Release|Any CPU = Release|Any CPU
	EndGlobalSection
	GlobalSection(ProjectConfigurationPlatforms) = postSolution
		{209667EC-B8C2-497C-9F41-D70862196EAF}.Debug|Any CPU.ActiveCfg = Debug|Any CPU
		{209667EC-B8C2-497C-9F41-D70862196EAF}.Debug|Any CPU.Build.0 = Debug|Any CPU
		{209667EC-B8C2-497C-9F41-D70862196EAF}.Release|Any CPU.ActiveCfg = Release|Any CPU
		{209667EC-B8C2-497C-9F41-D70862196EAF}.Release|Any CPU.Build.0 = Release|Any CPU
		{21361D7D-36BD-4CBF-98C8-23C5F74F5FA8}.Debug|Any CPU.ActiveCfg = Debug|Any CPU
		{21361D7D-36BD-4CBF-98C8-23C5F74F5FA8}.Debug|Any CPU.Build.0 = Debug|Any CPU
		{21361D7D-36BD-4CBF-98C8-23C5F74F5FA8}.Release|Any CPU.ActiveCfg = Release|Any CPU
		{21361D7D-36BD-4CBF-98C8-23C5F74F5FA8}.Release|Any CPU.Build.0 = Release|Any CPU
	EndGlobalSection
	GlobalSection(SolutionProperties) = preSolution
		HideSolutionNode = FALSE
	EndGlobalSection
EndGlobal
